// !$*UTF8*$!
{
	archiveVersion = 1;
	classes = {
	};
	objectVersion = 50;
	objects = {

/* Begin PBXBuildFile section */
		446B247523FCC8EE00C708A3 /* AppDelegate.swift in Sources */ = {isa = PBXBuildFile; fileRef = 446B247423FCC8EE00C708A3 /* AppDelegate.swift */; };
		446B247723FCC8EE00C708A3 /* SceneDelegate.swift in Sources */ = {isa = PBXBuildFile; fileRef = 446B247623FCC8EE00C708A3 /* SceneDelegate.swift */; };
		446B247923FCC8EE00C708A3 /* ViewController.swift in Sources */ = {isa = PBXBuildFile; fileRef = 446B247823FCC8EE00C708A3 /* ViewController.swift */; };
		446B247C23FCC8EE00C708A3 /* Main.storyboard in Resources */ = {isa = PBXBuildFile; fileRef = 446B247A23FCC8EE00C708A3 /* Main.storyboard */; };
		446B247E23FCC8EF00C708A3 /* Assets.xcassets in Resources */ = {isa = PBXBuildFile; fileRef = 446B247D23FCC8EF00C708A3 /* Assets.xcassets */; };
		446B248123FCC8EF00C708A3 /* LaunchScreen.storyboard in Resources */ = {isa = PBXBuildFile; fileRef = 446B247F23FCC8EF00C708A3 /* LaunchScreen.storyboard */; };
		446B248F23FCC99500C708A3 /* LoadingUI.framework in Frameworks */ = {isa = PBXBuildFile; fileRef = 446B248D23FCC94C00C708A3 /* LoadingUI.framework */; };
		446B249023FCC99500C708A3 /* LoadingUI.framework in Embed Frameworks */ = {isa = PBXBuildFile; fileRef = 446B248D23FCC94C00C708A3 /* LoadingUI.framework */; settings = {ATTRIBUTES = (CodeSignOnCopy, RemoveHeadersOnCopy, ); }; };
/* End PBXBuildFile section */

/* Begin PBXContainerItemProxy section */
		446B248C23FCC94C00C708A3 /* PBXContainerItemProxy */ = {
			isa = PBXContainerItemProxy;
			containerPortal = 446B248823FCC94C00C708A3 /* LoadingUI.xcodeproj */;
			proxyType = 2;
			remoteGlobalIDString = 446B245D23FCC8B800C708A3;
			remoteInfo = LoadingUI;
		};
/* End PBXContainerItemProxy section */

/* Begin PBXCopyFilesBuildPhase section */
		446B249123FCC99500C708A3 /* Embed Frameworks */ = {
			isa = PBXCopyFilesBuildPhase;
			buildActionMask = 2147483647;
			dstPath = "";
			dstSubfolderSpec = 10;
			files = (
				446B249023FCC99500C708A3 /* LoadingUI.framework in Embed Frameworks */,
			);
			name = "Embed Frameworks";
			runOnlyForDeploymentPostprocessing = 0;
		};
/* End PBXCopyFilesBuildPhase section */

/* Begin PBXFileReference section */
		446B247123FCC8EE00C708A3 /* LoadingUITest.app */ = {isa = PBXFileReference; explicitFileType = wrapper.application; includeInIndex = 0; path = LoadingUITest.app; sourceTree = BUILT_PRODUCTS_DIR; };
		446B247423FCC8EE00C708A3 /* AppDelegate.swift */ = {isa = PBXFileReference; lastKnownFileType = sourcecode.swift; path = AppDelegate.swift; sourceTree = "<group>"; };
		446B247623FCC8EE00C708A3 /* SceneDelegate.swift */ = {isa = PBXFileReference; lastKnownFileType = sourcecode.swift; path = SceneDelegate.swift; sourceTree = "<group>"; };
		446B247823FCC8EE00C708A3 /* ViewController.swift */ = {isa = PBXFileReference; lastKnownFileType = sourcecode.swift; path = ViewController.swift; sourceTree = "<group>"; };
		446B247B23FCC8EE00C708A3 /* Base */ = {isa = PBXFileReference; lastKnownFileType = file.storyboard; name = Base; path = Base.lproj/Main.storyboard; sourceTree = "<group>"; };
		446B247D23FCC8EF00C708A3 /* Assets.xcassets */ = {isa = PBXFileReference; lastKnownFileType = folder.assetcatalog; path = Assets.xcassets; sourceTree = "<group>"; };
		446B248023FCC8EF00C708A3 /* Base */ = {isa = PBXFileReference; lastKnownFileType = file.storyboard; name = Base; path = Base.lproj/LaunchScreen.storyboard; sourceTree = "<group>"; };
		446B248223FCC8EF00C708A3 /* Info.plist */ = {isa = PBXFileReference; lastKnownFileType = text.plist.xml; path = Info.plist; sourceTree = "<group>"; };
		446B248823FCC94C00C708A3 /* LoadingUI.xcodeproj */ = {isa = PBXFileReference; lastKnownFileType = "wrapper.pb-project"; name = LoadingUI.xcodeproj; path = ../LoadingUI/LoadingUI.xcodeproj; sourceTree = "<group>"; };
/* End PBXFileReference section */

/* Begin PBXFrameworksBuildPhase section */
		446B246E23FCC8EE00C708A3 /* Frameworks */ = {
			isa = PBXFrameworksBuildPhase;
			buildActionMask = 2147483647;
			files = (
				446B248F23FCC99500C708A3 /* LoadingUI.framework in Frameworks */,
			);
			runOnlyForDeploymentPostprocessing = 0;
		};
/* End PBXFrameworksBuildPhase section */

/* Begin PBXGroup section */
		446B246823FCC8EE00C708A3 = {
			isa = PBXGroup;
			children = (
				446B248823FCC94C00C708A3 /* LoadingUI.xcodeproj */,
				446B247323FCC8EE00C708A3 /* LoadingUITest */,
				446B247223FCC8EE00C708A3 /* Products */,
				446B248E23FCC99500C708A3 /* Frameworks */,
			);
			sourceTree = "<group>";
		};
		446B247223FCC8EE00C708A3 /* Products */ = {
			isa = PBXGroup;
			children = (
				446B247123FCC8EE00C708A3 /* LoadingUITest.app */,
			);
			name = Products;
			sourceTree = "<group>";
		};
		446B247323FCC8EE00C708A3 /* LoadingUITest */ = {
			isa = PBXGroup;
			children = (
				446B247423FCC8EE00C708A3 /* AppDelegate.swift */,
				446B247623FCC8EE00C708A3 /* SceneDelegate.swift */,
				446B247823FCC8EE00C708A3 /* ViewController.swift */,
				446B247A23FCC8EE00C708A3 /* Main.storyboard */,
				446B247D23FCC8EF00C708A3 /* Assets.xcassets */,
				446B247F23FCC8EF00C708A3 /* LaunchScreen.storyboard */,
				446B248223FCC8EF00C708A3 /* Info.plist */,
			);
			path = LoadingUITest;
			sourceTree = "<group>";
		};
		446B248923FCC94C00C708A3 /* Products */ = {
			isa = PBXGroup;
			children = (
				446B248D23FCC94C00C708A3 /* LoadingUI.framework */,
			);
			name = Products;
			sourceTree = "<group>";
		};
		446B248E23FCC99500C708A3 /* Frameworks */ = {
			isa = PBXGroup;
			children = (
			);
			name = Frameworks;
			sourceTree = "<group>";
		};
/* End PBXGroup section */

/* Begin PBXNativeTarget section */
		446B247023FCC8EE00C708A3 /* LoadingUITest */ = {
			isa = PBXNativeTarget;
			buildConfigurationList = 446B248523FCC8EF00C708A3 /* Build configuration list for PBXNativeTarget "LoadingUITest" */;
			buildPhases = (
				446B246D23FCC8EE00C708A3 /* Sources */,
				446B246E23FCC8EE00C708A3 /* Frameworks */,
				446B246F23FCC8EE00C708A3 /* Resources */,
				446B249123FCC99500C708A3 /* Embed Frameworks */,
			);
			buildRules = (
			);
			dependencies = (
			);
			name = LoadingUITest;
			productName = LoadingUITest;
			productReference = 446B247123FCC8EE00C708A3 /* LoadingUITest.app */;
			productType = "com.apple.product-type.application";
		};
/* End PBXNativeTarget section */

/* Begin PBXProject section */
		446B246923FCC8EE00C708A3 /* Project object */ = {
			isa = PBXProject;
			attributes = {
				LastSwiftUpdateCheck = 1130;
				LastUpgradeCheck = 1130;
				ORGANIZATIONNAME = "Craig Swanson";
				TargetAttributes = {
					446B247023FCC8EE00C708A3 = {
						CreatedOnToolsVersion = 11.3.1;
					};
				};
			};
			buildConfigurationList = 446B246C23FCC8EE00C708A3 /* Build configuration list for PBXProject "LoadingUITest" */;
			compatibilityVersion = "Xcode 9.3";
			developmentRegion = en;
			hasScannedForEncodings = 0;
			knownRegions = (
				en,
				Base,
			);
			mainGroup = 446B246823FCC8EE00C708A3;
			productRefGroup = 446B247223FCC8EE00C708A3 /* Products */;
			projectDirPath = "";
			projectReferences = (
				{
					ProductGroup = 446B248923FCC94C00C708A3 /* Products */;
					ProjectRef = 446B248823FCC94C00C708A3 /* LoadingUI.xcodeproj */;
				},
			);
			projectRoot = "";
			targets = (
				446B247023FCC8EE00C708A3 /* LoadingUITest */,
			);
		};
/* End PBXProject section */

/* Begin PBXReferenceProxy section */
		446B248D23FCC94C00C708A3 /* LoadingUI.framework */ = {
			isa = PBXReferenceProxy;
			fileType = wrapper.framework;
			path = LoadingUI.framework;
			remoteRef = 446B248C23FCC94C00C708A3 /* PBXContainerItemProxy */;
			sourceTree = BUILT_PRODUCTS_DIR;
		};
/* End PBXReferenceProxy section */

/* Begin PBXResourcesBuildPhase section */
		446B246F23FCC8EE00C708A3 /* Resources */ = {
			isa = PBXResourcesBuildPhase;
			buildActionMask = 2147483647;
			files = (
				446B248123FCC8EF00C708A3 /* LaunchScreen.storyboard in Resources */,
				446B247E23FCC8EF00C708A3 /* Assets.xcassets in Resources */,
				446B247C23FCC8EE00C708A3 /* Main.storyboard in Resources */,
			);
			runOnlyForDeploymentPostprocessing = 0;
		};
/* End PBXResourcesBuildPhase section */

/* Begin PBXSourcesBuildPhase section */
		446B246D23FCC8EE00C708A3 /* Sources */ = {
			isa = PBXSourcesBuildPhase;
			buildActionMask = 2147483647;
			files = (
				446B247923FCC8EE00C708A3 /* ViewController.swift in Sources */,
				446B247523FCC8EE00C708A3 /* AppDelegate.swift in Sources */,
				446B247723FCC8EE00C708A3 /* SceneDelegate.swift in Sources */,
			);
			runOnlyForDeploymentPostprocessing = 0;
		};
/* End PBXSourcesBuildPhase section */

/* Begin PBXVariantGroup section */
		446B247A23FCC8EE00C708A3 /* Main.storyboard */ = {
			isa = PBXVariantGroup;
			children = (
				446B247B23FCC8EE00C708A3 /* Base */,
			);
			name = Main.storyboard;
			sourceTree = "<group>";
		};
		446B247F23FCC8EF00C708A3 /* LaunchScreen.storyboard */ = {
			isa = PBXVariantGroup;
			children = (
				446B248023FCC8EF00C708A3 /* Base */,
			);
			name = LaunchScreen.storyboard;
			sourceTree = "<group>";
		};
/* End PBXVariantGroup section */

/* Begin XCBuildConfiguration section */
		446B248323FCC8EF00C708A3 /* Debug */ = {
			isa = XCBuildConfiguration;
			buildSettings = {
				ALWAYS_SEARCH_USER_PATHS = NO;
				CLANG_ANALYZER_NONNULL = YES;
				CLANG_ANALYZER_NUMBER_OBJECT_CONVERSION = YES_AGGRESSIVE;
				CLANG_CXX_LANGUAGE_STANDARD = "gnu++14";
				CLANG_CXX_LIBRARY = "libc++";
				CLANG_ENABLE_MODULES = YES;
				CLANG_ENABLE_OBJC_ARC = YES;
				CLANG_ENABLE_OBJC_WEAK = YES;
				CLANG_WARN_BLOCK_CAPTURE_AUTORELEASING = YES;
				CLANG_WARN_BOOL_CONVERSION = YES;
				CLANG_WARN_COMMA = YES;
				CLANG_WARN_CONSTANT_CONVERSION = YES;
				CLANG_WARN_DEPRECATED_OBJC_IMPLEMENTATIONS = YES;
				CLANG_WARN_DIRECT_OBJC_ISA_USAGE = YES_ERROR;
				CLANG_WARN_DOCUMENTATION_COMMENTS = YES;
				CLANG_WARN_EMPTY_BODY = YES;
				CLANG_WARN_ENUM_CONVERSION = YES;
				CLANG_WARN_INFINITE_RECURSION = YES;
				CLANG_WARN_INT_CONVERSION = YES;
				CLANG_WARN_NON_LITERAL_NULL_CONVERSION = YES;
				CLANG_WARN_OBJC_IMPLICIT_RETAIN_SELF = YES;
				CLANG_WARN_OBJC_LITERAL_CONVERSION = YES;
				CLANG_WARN_OBJC_ROOT_CLASS = YES_ERROR;
				CLANG_WARN_RANGE_LOOP_ANALYSIS = YES;
				CLANG_WARN_STRICT_PROTOTYPES = YES;
				CLANG_WARN_SUSPICIOUS_MOVE = YES;
				CLANG_WARN_UNGUARDED_AVAILABILITY = YES_AGGRESSIVE;
				CLANG_WARN_UNREACHABLE_CODE = YES;
				CLANG_WARN__DUPLICATE_METHOD_MATCH = YES;
				COPY_PHASE_STRIP = NO;
				DEBUG_INFORMATION_FORMAT = dwarf;
				ENABLE_STRICT_OBJC_MSGSEND = YES;
				ENABLE_TESTABILITY = YES;
				GCC_C_LANGUAGE_STANDARD = gnu11;
				GCC_DYNAMIC_NO_PIC = NO;
				GCC_NO_COMMON_BLOCKS = YES;
				GCC_OPTIMIZATION_LEVEL = 0;
				GCC_PREPROCESSOR_DEFINITIONS = (
					"DEBUG=1",
					"$(inherited)",
				);
				GCC_WARN_64_TO_32_BIT_CONVERSION = YES;
				GCC_WARN_ABOUT_RETURN_TYPE = YES_ERROR;
				GCC_WARN_UNDECLARED_SELECTOR = YES;
				GCC_WARN_UNINITIALIZED_AUTOS = YES_AGGRESSIVE;
				GCC_WARN_UNUSED_FUNCTION = YES;
				GCC_WARN_UNUSED_VARIABLE = YES;
				IPHONEOS_DEPLOYMENT_TARGET = 13.2;
				MTL_ENABLE_DEBUG_INFO = INCLUDE_SOURCE;
				MTL_FAST_MATH = YES;
				ONLY_ACTIVE_ARCH = YES;
				SDKROOT = iphoneos;
				SWIFT_ACTIVE_COMPILATION_CONDITIONS = DEBUG;
				SWIFT_OPTIMIZATION_LEVEL = "-Onone";
			};
			name = Debug;
		};
		446B248423FCC8EF00C708A3 /* Release */ = {
			isa = XCBuildConfiguration;
			buildSettings = {
				ALWAYS_SEARCH_USER_PATHS = NO;
				CLANG_ANALYZER_NONNULL = YES;
				CLANG_ANALYZER_NUMBER_OBJECT_CONVERSION = YES_AGGRESSIVE;
				CLANG_CXX_LANGUAGE_STANDARD = "gnu++14";
				CLANG_CXX_LIBRARY = "libc++";
				CLANG_ENABLE_MODULES = YES;
				CLANG_ENABLE_OBJC_ARC = YES;
				CLANG_ENABLE_OBJC_WEAK = YES;
				CLANG_WARN_BLOCK_CAPTURE_AUTORELEASING = YES;
				CLANG_WARN_BOOL_CONVERSION = YES;
				CLANG_WARN_COMMA = YES;
				CLANG_WARN_CONSTANT_CONVERSION = YES;
				CLANG_WARN_DEPRECATED_OBJC_IMPLEMENTATIONS = YES;
				CLANG_WARN_DIRECT_OBJC_ISA_USAGE = YES_ERROR;
				CLANG_WARN_DOCUMENTATION_COMMENTS = YES;
				CLANG_WARN_EMPTY_BODY = YES;
				CLANG_WARN_ENUM_CONVERSION = YES;
				CLANG_WARN_INFINITE_RECURSION = YES;
				CLANG_WARN_INT_CONVERSION = YES;
				CLANG_WARN_NON_LITERAL_NULL_CONVERSION = YES;
				CLANG_WARN_OBJC_IMPLICIT_RETAIN_SELF = YES;
				CLANG_WARN_OBJC_LITERAL_CONVERSION = YES;
				CLANG_WARN_OBJC_ROOT_CLASS = YES_ERROR;
				CLANG_WARN_RANGE_LOOP_ANALYSIS = YES;
				CLANG_WARN_STRICT_PROTOTYPES = YES;
				CLANG_WARN_SUSPICIOUS_MOVE = YES;
				CLANG_WARN_UNGUARDED_AVAILABILITY = YES_AGGRESSIVE;
				CLANG_WARN_UNREACHABLE_CODE = YES;
				CLANG_WARN__DUPLICATE_METHOD_MATCH = YES;
				COPY_PHASE_STRIP = NO;
				DEBUG_INFORMATION_FORMAT = "dwarf-with-dsym";
				ENABLE_NS_ASSERTIONS = NO;
				ENABLE_STRICT_OBJC_MSGSEND = YES;
				GCC_C_LANGUAGE_STANDARD = gnu11;
				GCC_NO_COMMON_BLOCKS = YES;
				GCC_WARN_64_TO_32_BIT_CONVERSION = YES;
				GCC_WARN_ABOUT_RETURN_TYPE = YES_ERROR;
				GCC_WARN_UNDECLARED_SELECTOR = YES;
				GCC_WARN_UNINITIALIZED_AUTOS = YES_AGGRESSIVE;
				GCC_WARN_UNUSED_FUNCTION = YES;
				GCC_WARN_UNUSED_VARIABLE = YES;
				IPHONEOS_DEPLOYMENT_TARGET = 13.2;
				MTL_ENABLE_DEBUG_INFO = NO;
				MTL_FAST_MATH = YES;
				SDKROOT = iphoneos;
				SWIFT_COMPILATION_MODE = wholemodule;
				SWIFT_OPTIMIZATION_LEVEL = "-O";
				VALIDATE_PRODUCT = YES;
			};
			name = Release;
		};
		446B248623FCC8EF00C708A3 /* Debug */ = {
			isa = XCBuildConfiguration;
			buildSettings = {
				ASSETCATALOG_COMPILER_APPICON_NAME = AppIcon;
				CODE_SIGN_STYLE = Automatic;
				DEVELOPMENT_TEAM = 2MZREBG7BM;
				INFOPLIST_FILE = LoadingUITest/Info.plist;
				LD_RUNPATH_SEARCH_PATHS = (
					"$(inherited)",
					"@executable_path/Frameworks",
				);
				PRODUCT_BUNDLE_IDENTIFIER = com.craigswanson.LoadingUITest;
				PRODUCT_NAME = "$(TARGET_NAME)";
				SWIFT_VERSION = 5.0;
				TARGETED_DEVICE_FAMILY = "1,2";
			};
			name = Debug;
		};
		446B248723FCC8EF00C708A3 /* Release */ = {
			isa = XCBuildConfiguration;
			buildSettings = {
				ASSETCATALOG_COMPILER_APPICON_NAME = AppIcon;
				CODE_SIGN_STYLE = Automatic;
				DEVELOPMENT_TEAM = 2MZREBG7BM;
				INFOPLIST_FILE = LoadingUITest/Info.plist;
				LD_RUNPATH_SEARCH_PATHS = (
					"$(inherited)",
					"@executable_path/Frameworks",
				);
				PRODUCT_BUNDLE_IDENTIFIER = com.craigswanson.LoadingUITest;
				PRODUCT_NAME = "$(TARGET_NAME)";
				SWIFT_VERSION = 5.0;
				TARGETED_DEVICE_FAMILY = "1,2";
			};
			name = Release;
		};
/* End XCBuildConfiguration section */

/* Begin XCConfigurationList section */
		446B246C23FCC8EE00C708A3 /* Build configuration list for PBXProject "LoadingUITest" */ = {
			isa = XCConfigurationList;
			buildConfigurations = (
				446B248323FCC8EF00C708A3 /* Debug */,
				446B248423FCC8EF00C708A3 /* Release */,
			);
			defaultConfigurationIsVisible = 0;
			defaultConfigurationName = Release;
		};
		446B248523FCC8EF00C708A3 /* Build configuration list for PBXNativeTarget "LoadingUITest" */ = {
			isa = XCConfigurationList;
			buildConfigurations = (
				446B248623FCC8EF00C708A3 /* Debug */,
				446B248723FCC8EF00C708A3 /* Release */,
			);
			defaultConfigurationIsVisible = 0;
			defaultConfigurationName = Release;
		};
/* End XCConfigurationList section */
	};
	rootObject = 446B246923FCC8EE00C708A3 /* Project object */;
}
